// !$*UTF8*$!
{
	archiveVersion = 1;
	classes = {
	};
	objectVersion = 46;
	objects = {

/* Begin PBXBuildFile section */
		8E7C1431180439D3005B92AD /* Foundation.framework in Frameworks */ = {isa = PBXBuildFile; fileRef = 8E7C1430180439D3005B92AD /* Foundation.framework */; };
		8E7C1433180439D3005B92AD /* CoreGraphics.framework in Frameworks */ = {isa = PBXBuildFile; fileRef = 8E7C1432180439D3005B92AD /* CoreGraphics.framework */; };
		8E7C1435180439D3005B92AD /* UIKit.framework in Frameworks */ = {isa = PBXBuildFile; fileRef = 8E7C1434180439D3005B92AD /* UIKit.framework */; };
		8E7C143B180439D3005B92AD /* InfoPlist.strings in Resources */ = {isa = PBXBuildFile; fileRef = 8E7C1439180439D3005B92AD /* InfoPlist.strings */; };
		8E7C143D180439D3005B92AD /* main.m in Sources */ = {isa = PBXBuildFile; fileRef = 8E7C143C180439D3005B92AD /* main.m */; };
		8E7C1441180439D3005B92AD /* AppDelegate.m in Sources */ = {isa = PBXBuildFile; fileRef = 8E7C1440180439D3005B92AD /* AppDelegate.m */; };
		8E7C1443180439D3005B92AD /* Images.xcassets in Resources */ = {isa = PBXBuildFile; fileRef = 8E7C1442180439D3005B92AD /* Images.xcassets */; };
		8E7C144A180439D3005B92AD /* XCTest.framework in Frameworks */ = {isa = PBXBuildFile; fileRef = 8E7C1449180439D3005B92AD /* XCTest.framework */; };
		8E7C144B180439D3005B92AD /* Foundation.framework in Frameworks */ = {isa = PBXBuildFile; fileRef = 8E7C1430180439D3005B92AD /* Foundation.framework */; };
		8E7C144C180439D3005B92AD /* UIKit.framework in Frameworks */ = {isa = PBXBuildFile; fileRef = 8E7C1434180439D3005B92AD /* UIKit.framework */; };
		8E7C1454180439D3005B92AD /* InfoPlist.strings in Resources */ = {isa = PBXBuildFile; fileRef = 8E7C1452180439D3005B92AD /* InfoPlist.strings */; };
		8E7C1456180439D3005B92AD /* DenunciaTests.m in Sources */ = {isa = PBXBuildFile; fileRef = 8E7C1455180439D3005B92AD /* DenunciaTests.m */; };
		8E7C146218043A66005B92AD /* HomeViewController.m in Sources */ = {isa = PBXBuildFile; fileRef = 8E7C146018043A66005B92AD /* HomeViewController.m */; };
		8E7C146318043A66005B92AD /* HomeViewController.xib in Resources */ = {isa = PBXBuildFile; fileRef = 8E7C146118043A66005B92AD /* HomeViewController.xib */; };
		8EB27DC01807845000B3C610 /* SystemConfiguration.framework in Frameworks */ = {isa = PBXBuildFile; fileRef = 8EB27DBF1807845000B3C610 /* SystemConfiguration.framework */; };
		8EB27DD5180784C500B3C610 /* NSData+MKBase64.m in Sources */ = {isa = PBXBuildFile; fileRef = 8EB27DC4180784C500B3C610 /* NSData+MKBase64.m */; };
		8EB27DD6180784C500B3C610 /* NSDate+RFC1123.m in Sources */ = {isa = PBXBuildFile; fileRef = 8EB27DC6180784C500B3C610 /* NSDate+RFC1123.m */; };
		8EB27DD7180784C500B3C610 /* NSDictionary+RequestEncoding.m in Sources */ = {isa = PBXBuildFile; fileRef = 8EB27DC8180784C500B3C610 /* NSDictionary+RequestEncoding.m */; };
		8EB27DD8180784C500B3C610 /* NSString+MKNetworkKitAdditions.m in Sources */ = {isa = PBXBuildFile; fileRef = 8EB27DCA180784C500B3C610 /* NSString+MKNetworkKitAdditions.m */; };
		8EB27DD9180784C500B3C610 /* UIAlertView+MKNetworkKitAdditions.m in Sources */ = {isa = PBXBuildFile; fileRef = 8EB27DCC180784C500B3C610 /* UIAlertView+MKNetworkKitAdditions.m */; };
		8EB27DDA180784C500B3C610 /* MKNetworkEngine.m in Sources */ = {isa = PBXBuildFile; fileRef = 8EB27DCE180784C500B3C610 /* MKNetworkEngine.m */; };
		8EB27DDB180784C500B3C610 /* MKNetworkOperation.m in Sources */ = {isa = PBXBuildFile; fileRef = 8EB27DD1180784C500B3C610 /* MKNetworkOperation.m */; };
		8EB27DDC180784C500B3C610 /* Reachability.m in Sources */ = {isa = PBXBuildFile; fileRef = 8EB27DD4180784C500B3C610 /* Reachability.m */; settings = {COMPILER_FLAGS = "-fno-obj-arc"; }; };
		8EB27DDF1807852800B3C610 /* fileUploadEngine.m in Sources */ = {isa = PBXBuildFile; fileRef = 8EB27DDE1807852800B3C610 /* fileUploadEngine.m */; };
		8ECD3D261804F54200588864 /* NSObject+SBJson.m in Sources */ = {isa = PBXBuildFile; fileRef = 8ECD3D0E1804F54200588864 /* NSObject+SBJson.m */; };
		8ECD3D271804F54200588864 /* SBJsonParser.m in Sources */ = {isa = PBXBuildFile; fileRef = 8ECD3D111804F54200588864 /* SBJsonParser.m */; };
		8ECD3D281804F54200588864 /* SBJsonStreamParser.m in Sources */ = {isa = PBXBuildFile; fileRef = 8ECD3D131804F54200588864 /* SBJsonStreamParser.m */; };
		8ECD3D291804F54200588864 /* SBJsonStreamParserAccumulator.m in Sources */ = {isa = PBXBuildFile; fileRef = 8ECD3D151804F54200588864 /* SBJsonStreamParserAccumulator.m */; };
		8ECD3D2A1804F54200588864 /* SBJsonStreamParserAdapter.m in Sources */ = {isa = PBXBuildFile; fileRef = 8ECD3D171804F54200588864 /* SBJsonStreamParserAdapter.m */; };
		8ECD3D2B1804F54200588864 /* SBJsonStreamParserState.m in Sources */ = {isa = PBXBuildFile; fileRef = 8ECD3D191804F54200588864 /* SBJsonStreamParserState.m */; };
		8ECD3D2C1804F54200588864 /* SBJsonStreamWriter.m in Sources */ = {isa = PBXBuildFile; fileRef = 8ECD3D1B1804F54200588864 /* SBJsonStreamWriter.m */; };
		8ECD3D2D1804F54200588864 /* SBJsonStreamWriterAccumulator.m in Sources */ = {isa = PBXBuildFile; fileRef = 8ECD3D1D1804F54200588864 /* SBJsonStreamWriterAccumulator.m */; };
		8ECD3D2E1804F54200588864 /* SBJsonStreamWriterState.m in Sources */ = {isa = PBXBuildFile; fileRef = 8ECD3D1F1804F54200588864 /* SBJsonStreamWriterState.m */; };
		8ECD3D2F1804F54200588864 /* SBJsonTokeniser.m in Sources */ = {isa = PBXBuildFile; fileRef = 8ECD3D211804F54200588864 /* SBJsonTokeniser.m */; };
		8ECD3D301804F54200588864 /* SBJsonUTF8Stream.m in Sources */ = {isa = PBXBuildFile; fileRef = 8ECD3D231804F54200588864 /* SBJsonUTF8Stream.m */; };
		8ECD3D311804F54200588864 /* SBJsonWriter.m in Sources */ = {isa = PBXBuildFile; fileRef = 8ECD3D251804F54200588864 /* SBJsonWriter.m */; };
		8ECD3D331804F77E00588864 /* CoreLocation.framework in Frameworks */ = {isa = PBXBuildFile; fileRef = 8ECD3D321804F77E00588864 /* CoreLocation.framework */; };
		8ECD3D3918056EF100588864 /* DenunciaViewController.m in Sources */ = {isa = PBXBuildFile; fileRef = 8ECD3D3718056EF100588864 /* DenunciaViewController.m */; };
		8ECD3D3A18056EF100588864 /* DenunciaViewController.xib in Resources */ = {isa = PBXBuildFile; fileRef = 8ECD3D3818056EF100588864 /* DenunciaViewController.xib */; };
/* End PBXBuildFile section */

/* Begin PBXContainerItemProxy section */
		8E7C144D180439D3005B92AD /* PBXContainerItemProxy */ = {
			isa = PBXContainerItemProxy;
			containerPortal = 8E7C1425180439D3005B92AD /* Project object */;
			proxyType = 1;
			remoteGlobalIDString = 8E7C142C180439D3005B92AD;
			remoteInfo = Denuncia;
		};
/* End PBXContainerItemProxy section */

/* Begin PBXFileReference section */
		8E7C142D180439D3005B92AD /* Denuncia.app */ = {isa = PBXFileReference; explicitFileType = wrapper.application; includeInIndex = 0; path = Denuncia.app; sourceTree = BUILT_PRODUCTS_DIR; };
		8E7C1430180439D3005B92AD /* Foundation.framework */ = {isa = PBXFileReference; lastKnownFileType = wrapper.framework; name = Foundation.framework; path = System/Library/Frameworks/Foundation.framework; sourceTree = SDKROOT; };
		8E7C1432180439D3005B92AD /* CoreGraphics.framework */ = {isa = PBXFileReference; lastKnownFileType = wrapper.framework; name = CoreGraphics.framework; path = System/Library/Frameworks/CoreGraphics.framework; sourceTree = SDKROOT; };
		8E7C1434180439D3005B92AD /* UIKit.framework */ = {isa = PBXFileReference; lastKnownFileType = wrapper.framework; name = UIKit.framework; path = System/Library/Frameworks/UIKit.framework; sourceTree = SDKROOT; };
		8E7C1438180439D3005B92AD /* Denuncia-Info.plist */ = {isa = PBXFileReference; lastKnownFileType = text.plist.xml; path = "Denuncia-Info.plist"; sourceTree = "<group>"; };
		8E7C143A180439D3005B92AD /* en */ = {isa = PBXFileReference; lastKnownFileType = text.plist.strings; name = en; path = en.lproj/InfoPlist.strings; sourceTree = "<group>"; };
		8E7C143C180439D3005B92AD /* main.m */ = {isa = PBXFileReference; lastKnownFileType = sourcecode.c.objc; path = main.m; sourceTree = "<group>"; };
		8E7C143E180439D3005B92AD /* Denuncia-Prefix.pch */ = {isa = PBXFileReference; lastKnownFileType = sourcecode.c.h; path = "Denuncia-Prefix.pch"; sourceTree = "<group>"; };
		8E7C143F180439D3005B92AD /* AppDelegate.h */ = {isa = PBXFileReference; lastKnownFileType = sourcecode.c.h; path = AppDelegate.h; sourceTree = "<group>"; };
		8E7C1440180439D3005B92AD /* AppDelegate.m */ = {isa = PBXFileReference; lastKnownFileType = sourcecode.c.objc; path = AppDelegate.m; sourceTree = "<group>"; };
		8E7C1442180439D3005B92AD /* Images.xcassets */ = {isa = PBXFileReference; lastKnownFileType = folder.assetcatalog; path = Images.xcassets; sourceTree = "<group>"; };
		8E7C1448180439D3005B92AD /* DenunciaTests.xctest */ = {isa = PBXFileReference; explicitFileType = wrapper.cfbundle; includeInIndex = 0; path = DenunciaTests.xctest; sourceTree = BUILT_PRODUCTS_DIR; };
		8E7C1449180439D3005B92AD /* XCTest.framework */ = {isa = PBXFileReference; lastKnownFileType = wrapper.framework; name = XCTest.framework; path = Library/Frameworks/XCTest.framework; sourceTree = DEVELOPER_DIR; };
		8E7C1451180439D3005B92AD /* DenunciaTests-Info.plist */ = {isa = PBXFileReference; lastKnownFileType = text.plist.xml; path = "DenunciaTests-Info.plist"; sourceTree = "<group>"; };
		8E7C1453180439D3005B92AD /* en */ = {isa = PBXFileReference; lastKnownFileType = text.plist.strings; name = en; path = en.lproj/InfoPlist.strings; sourceTree = "<group>"; };
		8E7C1455180439D3005B92AD /* DenunciaTests.m */ = {isa = PBXFileReference; lastKnownFileType = sourcecode.c.objc; path = DenunciaTests.m; sourceTree = "<group>"; };
		8E7C145F18043A66005B92AD /* HomeViewController.h */ = {isa = PBXFileReference; fileEncoding = 4; lastKnownFileType = sourcecode.c.h; path = HomeViewController.h; sourceTree = "<group>"; };
		8E7C146018043A66005B92AD /* HomeViewController.m */ = {isa = PBXFileReference; fileEncoding = 4; lastKnownFileType = sourcecode.c.objc; path = HomeViewController.m; sourceTree = "<group>"; };
		8E7C146118043A66005B92AD /* HomeViewController.xib */ = {isa = PBXFileReference; fileEncoding = 4; lastKnownFileType = file.xib; path = HomeViewController.xib; sourceTree = "<group>"; };
		8EB27DBF1807845000B3C610 /* SystemConfiguration.framework */ = {isa = PBXFileReference; lastKnownFileType = wrapper.framework; name = SystemConfiguration.framework; path = System/Library/Frameworks/SystemConfiguration.framework; sourceTree = SDKROOT; };
		8EB27DC3180784C500B3C610 /* NSData+MKBase64.h */ = {isa = PBXFileReference; fileEncoding = 4; lastKnownFileType = sourcecode.c.h; path = "NSData+MKBase64.h"; sourceTree = "<group>"; };
		8EB27DC4180784C500B3C610 /* NSData+MKBase64.m */ = {isa = PBXFileReference; fileEncoding = 4; lastKnownFileType = sourcecode.c.objc; path = "NSData+MKBase64.m"; sourceTree = "<group>"; };
		8EB27DC5180784C500B3C610 /* NSDate+RFC1123.h */ = {isa = PBXFileReference; fileEncoding = 4; lastKnownFileType = sourcecode.c.h; path = "NSDate+RFC1123.h"; sourceTree = "<group>"; };
		8EB27DC6180784C500B3C610 /* NSDate+RFC1123.m */ = {isa = PBXFileReference; fileEncoding = 4; lastKnownFileType = sourcecode.c.objc; path = "NSDate+RFC1123.m"; sourceTree = "<group>"; };
		8EB27DC7180784C500B3C610 /* NSDictionary+RequestEncoding.h */ = {isa = PBXFileReference; fileEncoding = 4; lastKnownFileType = sourcecode.c.h; path = "NSDictionary+RequestEncoding.h"; sourceTree = "<group>"; };
		8EB27DC8180784C500B3C610 /* NSDictionary+RequestEncoding.m */ = {isa = PBXFileReference; fileEncoding = 4; lastKnownFileType = sourcecode.c.objc; path = "NSDictionary+RequestEncoding.m"; sourceTree = "<group>"; };
		8EB27DC9180784C500B3C610 /* NSString+MKNetworkKitAdditions.h */ = {isa = PBXFileReference; fileEncoding = 4; lastKnownFileType = sourcecode.c.h; path = "NSString+MKNetworkKitAdditions.h"; sourceTree = "<group>"; };
		8EB27DCA180784C500B3C610 /* NSString+MKNetworkKitAdditions.m */ = {isa = PBXFileReference; fileEncoding = 4; lastKnownFileType = sourcecode.c.objc; path = "NSString+MKNetworkKitAdditions.m"; sourceTree = "<group>"; };
		8EB27DCB180784C500B3C610 /* UIAlertView+MKNetworkKitAdditions.h */ = {isa = PBXFileReference; fileEncoding = 4; lastKnownFileType = sourcecode.c.h; path = "UIAlertView+MKNetworkKitAdditions.h"; sourceTree = "<group>"; };
		8EB27DCC180784C500B3C610 /* UIAlertView+MKNetworkKitAdditions.m */ = {isa = PBXFileReference; fileEncoding = 4; lastKnownFileType = sourcecode.c.objc; path = "UIAlertView+MKNetworkKitAdditions.m"; sourceTree = "<group>"; };
		8EB27DCD180784C500B3C610 /* MKNetworkEngine.h */ = {isa = PBXFileReference; fileEncoding = 4; lastKnownFileType = sourcecode.c.h; path = MKNetworkEngine.h; sourceTree = "<group>"; };
		8EB27DCE180784C500B3C610 /* MKNetworkEngine.m */ = {isa = PBXFileReference; fileEncoding = 4; lastKnownFileType = sourcecode.c.objc; path = MKNetworkEngine.m; sourceTree = "<group>"; };
		8EB27DCF180784C500B3C610 /* MKNetworkKit.h */ = {isa = PBXFileReference; fileEncoding = 4; lastKnownFileType = sourcecode.c.h; path = MKNetworkKit.h; sourceTree = "<group>"; };
		8EB27DD0180784C500B3C610 /* MKNetworkOperation.h */ = {isa = PBXFileReference; fileEncoding = 4; lastKnownFileType = sourcecode.c.h; path = MKNetworkOperation.h; sourceTree = "<group>"; };
		8EB27DD1180784C500B3C610 /* MKNetworkOperation.m */ = {isa = PBXFileReference; fileEncoding = 4; lastKnownFileType = sourcecode.c.objc; path = MKNetworkOperation.m; sourceTree = "<group>"; };
		8EB27DD3180784C500B3C610 /* Reachability.h */ = {isa = PBXFileReference; fileEncoding = 4; lastKnownFileType = sourcecode.c.h; path = Reachability.h; sourceTree = "<group>"; };
		8EB27DD4180784C500B3C610 /* Reachability.m */ = {isa = PBXFileReference; fileEncoding = 4; lastKnownFileType = sourcecode.c.objc; path = Reachability.m; sourceTree = "<group>"; };
		8EB27DDD1807852800B3C610 /* fileUploadEngine.h */ = {isa = PBXFileReference; fileEncoding = 4; lastKnownFileType = sourcecode.c.h; path = fileUploadEngine.h; sourceTree = "<group>"; };
		8EB27DDE1807852800B3C610 /* fileUploadEngine.m */ = {isa = PBXFileReference; fileEncoding = 4; lastKnownFileType = sourcecode.c.objc; path = fileUploadEngine.m; sourceTree = "<group>"; };
		8ECD3D0D1804F54200588864 /* NSObject+SBJson.h */ = {isa = PBXFileReference; fileEncoding = 4; lastKnownFileType = sourcecode.c.h; path = "NSObject+SBJson.h"; sourceTree = "<group>"; };
		8ECD3D0E1804F54200588864 /* NSObject+SBJson.m */ = {isa = PBXFileReference; fileEncoding = 4; lastKnownFileType = sourcecode.c.objc; path = "NSObject+SBJson.m"; sourceTree = "<group>"; };
		8ECD3D0F1804F54200588864 /* SBJson.h */ = {isa = PBXFileReference; fileEncoding = 4; lastKnownFileType = sourcecode.c.h; path = SBJson.h; sourceTree = "<group>"; };
		8ECD3D101804F54200588864 /* SBJsonParser.h */ = {isa = PBXFileReference; fileEncoding = 4; lastKnownFileType = sourcecode.c.h; path = SBJsonParser.h; sourceTree = "<group>"; };
		8ECD3D111804F54200588864 /* SBJsonParser.m */ = {isa = PBXFileReference; fileEncoding = 4; lastKnownFileType = sourcecode.c.objc; path = SBJsonParser.m; sourceTree = "<group>"; };
		8ECD3D121804F54200588864 /* SBJsonStreamParser.h */ = {isa = PBXFileReference; fileEncoding = 4; lastKnownFileType = sourcecode.c.h; path = SBJsonStreamParser.h; sourceTree = "<group>"; };
		8ECD3D131804F54200588864 /* SBJsonStreamParser.m */ = {isa = PBXFileReference; fileEncoding = 4; lastKnownFileType = sourcecode.c.objc; path = SBJsonStreamParser.m; sourceTree = "<group>"; };
		8ECD3D141804F54200588864 /* SBJsonStreamParserAccumulator.h */ = {isa = PBXFileReference; fileEncoding = 4; lastKnownFileType = sourcecode.c.h; path = SBJsonStreamParserAccumulator.h; sourceTree = "<group>"; };
		8ECD3D151804F54200588864 /* SBJsonStreamParserAccumulator.m */ = {isa = PBXFileReference; fileEncoding = 4; lastKnownFileType = sourcecode.c.objc; path = SBJsonStreamParserAccumulator.m; sourceTree = "<group>"; };
		8ECD3D161804F54200588864 /* SBJsonStreamParserAdapter.h */ = {isa = PBXFileReference; fileEncoding = 4; lastKnownFileType = sourcecode.c.h; path = SBJsonStreamParserAdapter.h; sourceTree = "<group>"; };
		8ECD3D171804F54200588864 /* SBJsonStreamParserAdapter.m */ = {isa = PBXFileReference; fileEncoding = 4; lastKnownFileType = sourcecode.c.objc; path = SBJsonStreamParserAdapter.m; sourceTree = "<group>"; };
		8ECD3D181804F54200588864 /* SBJsonStreamParserState.h */ = {isa = PBXFileReference; fileEncoding = 4; lastKnownFileType = sourcecode.c.h; path = SBJsonStreamParserState.h; sourceTree = "<group>"; };
		8ECD3D191804F54200588864 /* SBJsonStreamParserState.m */ = {isa = PBXFileReference; fileEncoding = 4; lastKnownFileType = sourcecode.c.objc; path = SBJsonStreamParserState.m; sourceTree = "<group>"; };
		8ECD3D1A1804F54200588864 /* SBJsonStreamWriter.h */ = {isa = PBXFileReference; fileEncoding = 4; lastKnownFileType = sourcecode.c.h; path = SBJsonStreamWriter.h; sourceTree = "<group>"; };
		8ECD3D1B1804F54200588864 /* SBJsonStreamWriter.m */ = {isa = PBXFileReference; fileEncoding = 4; lastKnownFileType = sourcecode.c.objc; path = SBJsonStreamWriter.m; sourceTree = "<group>"; };
		8ECD3D1C1804F54200588864 /* SBJsonStreamWriterAccumulator.h */ = {isa = PBXFileReference; fileEncoding = 4; lastKnownFileType = sourcecode.c.h; path = SBJsonStreamWriterAccumulator.h; sourceTree = "<group>"; };
		8ECD3D1D1804F54200588864 /* SBJsonStreamWriterAccumulator.m */ = {isa = PBXFileReference; fileEncoding = 4; lastKnownFileType = sourcecode.c.objc; path = SBJsonStreamWriterAccumulator.m; sourceTree = "<group>"; };
		8ECD3D1E1804F54200588864 /* SBJsonStreamWriterState.h */ = {isa = PBXFileReference; fileEncoding = 4; lastKnownFileType = sourcecode.c.h; path = SBJsonStreamWriterState.h; sourceTree = "<group>"; };
		8ECD3D1F1804F54200588864 /* SBJsonStreamWriterState.m */ = {isa = PBXFileReference; fileEncoding = 4; lastKnownFileType = sourcecode.c.objc; path = SBJsonStreamWriterState.m; sourceTree = "<group>"; };
		8ECD3D201804F54200588864 /* SBJsonTokeniser.h */ = {isa = PBXFileReference; fileEncoding = 4; lastKnownFileType = sourcecode.c.h; path = SBJsonTokeniser.h; sourceTree = "<group>"; };
		8ECD3D211804F54200588864 /* SBJsonTokeniser.m */ = {isa = PBXFileReference; fileEncoding = 4; lastKnownFileType = sourcecode.c.objc; path = SBJsonTokeniser.m; sourceTree = "<group>"; };
		8ECD3D221804F54200588864 /* SBJsonUTF8Stream.h */ = {isa = PBXFileReference; fileEncoding = 4; lastKnownFileType = sourcecode.c.h; path = SBJsonUTF8Stream.h; sourceTree = "<group>"; };
		8ECD3D231804F54200588864 /* SBJsonUTF8Stream.m */ = {isa = PBXFileReference; fileEncoding = 4; lastKnownFileType = sourcecode.c.objc; path = SBJsonUTF8Stream.m; sourceTree = "<group>"; };
		8ECD3D241804F54200588864 /* SBJsonWriter.h */ = {isa = PBXFileReference; fileEncoding = 4; lastKnownFileType = sourcecode.c.h; path = SBJsonWriter.h; sourceTree = "<group>"; };
		8ECD3D251804F54200588864 /* SBJsonWriter.m */ = {isa = PBXFileReference; fileEncoding = 4; lastKnownFileType = sourcecode.c.objc; path = SBJsonWriter.m; sourceTree = "<group>"; };
		8ECD3D321804F77E00588864 /* CoreLocation.framework */ = {isa = PBXFileReference; lastKnownFileType = wrapper.framework; name = CoreLocation.framework; path = System/Library/Frameworks/CoreLocation.framework; sourceTree = SDKROOT; };
		8ECD3D3618056EF100588864 /* DenunciaViewController.h */ = {isa = PBXFileReference; fileEncoding = 4; lastKnownFileType = sourcecode.c.h; path = DenunciaViewController.h; sourceTree = "<group>"; };
		8ECD3D3718056EF100588864 /* DenunciaViewController.m */ = {isa = PBXFileReference; fileEncoding = 4; lastKnownFileType = sourcecode.c.objc; path = DenunciaViewController.m; sourceTree = "<group>"; };
		8ECD3D3818056EF100588864 /* DenunciaViewController.xib */ = {isa = PBXFileReference; fileEncoding = 4; lastKnownFileType = file.xib; path = DenunciaViewController.xib; sourceTree = "<group>"; };
/* End PBXFileReference section */

/* Begin PBXFrameworksBuildPhase section */
		8E7C142A180439D3005B92AD /* Frameworks */ = {
			isa = PBXFrameworksBuildPhase;
			buildActionMask = 2147483647;
			files = (
				8EB27DC01807845000B3C610 /* SystemConfiguration.framework in Frameworks */,
				8ECD3D331804F77E00588864 /* CoreLocation.framework in Frameworks */,
				8E7C1433180439D3005B92AD /* CoreGraphics.framework in Frameworks */,
				8E7C1435180439D3005B92AD /* UIKit.framework in Frameworks */,
				8E7C1431180439D3005B92AD /* Foundation.framework in Frameworks */,
			);
			runOnlyForDeploymentPostprocessing = 0;
		};
		8E7C1445180439D3005B92AD /* Frameworks */ = {
			isa = PBXFrameworksBuildPhase;
			buildActionMask = 2147483647;
			files = (
				8E7C144A180439D3005B92AD /* XCTest.framework in Frameworks */,
				8E7C144C180439D3005B92AD /* UIKit.framework in Frameworks */,
				8E7C144B180439D3005B92AD /* Foundation.framework in Frameworks */,
			);
			runOnlyForDeploymentPostprocessing = 0;
		};
/* End PBXFrameworksBuildPhase section */

/* Begin PBXGroup section */
		8E7C1424180439D3005B92AD = {
			isa = PBXGroup;
			children = (
				8EB27DC1180784C500B3C610 /* MKNetworkKit */,
				8ECD3D0C1804F54200588864 /* SBJson */,
				8E7C1436180439D3005B92AD /* Denuncia */,
				8E7C144F180439D3005B92AD /* DenunciaTests */,
				8E7C142F180439D3005B92AD /* Frameworks */,
				8E7C142E180439D3005B92AD /* Products */,
			);
			sourceTree = "<group>";
		};
		8E7C142E180439D3005B92AD /* Products */ = {
			isa = PBXGroup;
			children = (
				8E7C142D180439D3005B92AD /* Denuncia.app */,
				8E7C1448180439D3005B92AD /* DenunciaTests.xctest */,
			);
			name = Products;
			sourceTree = "<group>";
		};
		8E7C142F180439D3005B92AD /* Frameworks */ = {
			isa = PBXGroup;
			children = (
				8EB27DBF1807845000B3C610 /* SystemConfiguration.framework */,
				8ECD3D321804F77E00588864 /* CoreLocation.framework */,
				8E7C1430180439D3005B92AD /* Foundation.framework */,
				8E7C1432180439D3005B92AD /* CoreGraphics.framework */,
				8E7C1434180439D3005B92AD /* UIKit.framework */,
				8E7C1449180439D3005B92AD /* XCTest.framework */,
			);
			name = Frameworks;
			sourceTree = "<group>";
		};
		8E7C1436180439D3005B92AD /* Denuncia */ = {
			isa = PBXGroup;
			children = (
				8E7C143F180439D3005B92AD /* AppDelegate.h */,
				8E7C1440180439D3005B92AD /* AppDelegate.m */,
				8E7C145F18043A66005B92AD /* HomeViewController.h */,
				8E7C146018043A66005B92AD /* HomeViewController.m */,
				8E7C146118043A66005B92AD /* HomeViewController.xib */,
				8ECD3D3618056EF100588864 /* DenunciaViewController.h */,
				8ECD3D3718056EF100588864 /* DenunciaViewController.m */,
				8ECD3D3818056EF100588864 /* DenunciaViewController.xib */,
				8EB27DDD1807852800B3C610 /* fileUploadEngine.h */,
				8EB27DDE1807852800B3C610 /* fileUploadEngine.m */,
				8E7C1442180439D3005B92AD /* Images.xcassets */,
				8E7C1437180439D3005B92AD /* Supporting Files */,
			);
			path = Denuncia;
			sourceTree = "<group>";
		};
		8E7C1437180439D3005B92AD /* Supporting Files */ = {
			isa = PBXGroup;
			children = (
				8E7C1438180439D3005B92AD /* Denuncia-Info.plist */,
				8E7C1439180439D3005B92AD /* InfoPlist.strings */,
				8E7C143C180439D3005B92AD /* main.m */,
				8E7C143E180439D3005B92AD /* Denuncia-Prefix.pch */,
			);
			name = "Supporting Files";
			sourceTree = "<group>";
		};
		8E7C144F180439D3005B92AD /* DenunciaTests */ = {
			isa = PBXGroup;
			children = (
				8E7C1455180439D3005B92AD /* DenunciaTests.m */,
				8E7C1450180439D3005B92AD /* Supporting Files */,
			);
			path = DenunciaTests;
			sourceTree = "<group>";
		};
		8E7C1450180439D3005B92AD /* Supporting Files */ = {
			isa = PBXGroup;
			children = (
				8E7C1451180439D3005B92AD /* DenunciaTests-Info.plist */,
				8E7C1452180439D3005B92AD /* InfoPlist.strings */,
			);
			name = "Supporting Files";
			sourceTree = "<group>";
		};
		8EB27DC1180784C500B3C610 /* MKNetworkKit */ = {
			isa = PBXGroup;
			children = (
				8EB27DC2180784C500B3C610 /* Categories */,
				8EB27DCD180784C500B3C610 /* MKNetworkEngine.h */,
				8EB27DCE180784C500B3C610 /* MKNetworkEngine.m */,
				8EB27DCF180784C500B3C610 /* MKNetworkKit.h */,
				8EB27DD0180784C500B3C610 /* MKNetworkOperation.h */,
				8EB27DD1180784C500B3C610 /* MKNetworkOperation.m */,
				8EB27DD2180784C500B3C610 /* Reachability */,
			);
			path = MKNetworkKit;
			sourceTree = "<group>";
		};
		8EB27DC2180784C500B3C610 /* Categories */ = {
			isa = PBXGroup;
			children = (
				8EB27DC3180784C500B3C610 /* NSData+MKBase64.h */,
				8EB27DC4180784C500B3C610 /* NSData+MKBase64.m */,
				8EB27DC5180784C500B3C610 /* NSDate+RFC1123.h */,
				8EB27DC6180784C500B3C610 /* NSDate+RFC1123.m */,
				8EB27DC7180784C500B3C610 /* NSDictionary+RequestEncoding.h */,
				8EB27DC8180784C500B3C610 /* NSDictionary+RequestEncoding.m */,
				8EB27DC9180784C500B3C610 /* NSString+MKNetworkKitAdditions.h */,
				8EB27DCA180784C500B3C610 /* NSString+MKNetworkKitAdditions.m */,
				8EB27DCB180784C500B3C610 /* UIAlertView+MKNetworkKitAdditions.h */,
				8EB27DCC180784C500B3C610 /* UIAlertView+MKNetworkKitAdditions.m */,
			);
			path = Categories;
			sourceTree = "<group>";
		};
		8EB27DD2180784C500B3C610 /* Reachability */ = {
			isa = PBXGroup;
			children = (
				8EB27DD3180784C500B3C610 /* Reachability.h */,
				8EB27DD4180784C500B3C610 /* Reachability.m */,
			);
			path = Reachability;
			sourceTree = "<group>";
		};
		8ECD3D0C1804F54200588864 /* SBJson */ = {
			isa = PBXGroup;
			children = (
				8ECD3D0D1804F54200588864 /* NSObject+SBJson.h */,
				8ECD3D0E1804F54200588864 /* NSObject+SBJson.m */,
				8ECD3D0F1804F54200588864 /* SBJson.h */,
				8ECD3D101804F54200588864 /* SBJsonParser.h */,
				8ECD3D111804F54200588864 /* SBJsonParser.m */,
				8ECD3D121804F54200588864 /* SBJsonStreamParser.h */,
				8ECD3D131804F54200588864 /* SBJsonStreamParser.m */,
				8ECD3D141804F54200588864 /* SBJsonStreamParserAccumulator.h */,
				8ECD3D151804F54200588864 /* SBJsonStreamParserAccumulator.m */,
				8ECD3D161804F54200588864 /* SBJsonStreamParserAdapter.h */,
				8ECD3D171804F54200588864 /* SBJsonStreamParserAdapter.m */,
				8ECD3D181804F54200588864 /* SBJsonStreamParserState.h */,
				8ECD3D191804F54200588864 /* SBJsonStreamParserState.m */,
				8ECD3D1A1804F54200588864 /* SBJsonStreamWriter.h */,
				8ECD3D1B1804F54200588864 /* SBJsonStreamWriter.m */,
				8ECD3D1C1804F54200588864 /* SBJsonStreamWriterAccumulator.h */,
				8ECD3D1D1804F54200588864 /* SBJsonStreamWriterAccumulator.m */,
				8ECD3D1E1804F54200588864 /* SBJsonStreamWriterState.h */,
				8ECD3D1F1804F54200588864 /* SBJsonStreamWriterState.m */,
				8ECD3D201804F54200588864 /* SBJsonTokeniser.h */,
				8ECD3D211804F54200588864 /* SBJsonTokeniser.m */,
				8ECD3D221804F54200588864 /* SBJsonUTF8Stream.h */,
				8ECD3D231804F54200588864 /* SBJsonUTF8Stream.m */,
				8ECD3D241804F54200588864 /* SBJsonWriter.h */,
				8ECD3D251804F54200588864 /* SBJsonWriter.m */,
			);
			name = SBJson;
			path = Classes;
			sourceTree = "<group>";
		};
/* End PBXGroup section */

/* Begin PBXNativeTarget section */
		8E7C142C180439D3005B92AD /* Denuncia */ = {
			isa = PBXNativeTarget;
			buildConfigurationList = 8E7C1459180439D3005B92AD /* Build configuration list for PBXNativeTarget "Denuncia" */;
			buildPhases = (
				8E7C1429180439D3005B92AD /* Sources */,
				8E7C142A180439D3005B92AD /* Frameworks */,
				8E7C142B180439D3005B92AD /* Resources */,
			);
			buildRules = (
			);
			dependencies = (
			);
			name = Denuncia;
			productName = Denuncia;
			productReference = 8E7C142D180439D3005B92AD /* Denuncia.app */;
			productType = "com.apple.product-type.application";
		};
		8E7C1447180439D3005B92AD /* DenunciaTests */ = {
			isa = PBXNativeTarget;
			buildConfigurationList = 8E7C145C180439D3005B92AD /* Build configuration list for PBXNativeTarget "DenunciaTests" */;
			buildPhases = (
				8E7C1444180439D3005B92AD /* Sources */,
				8E7C1445180439D3005B92AD /* Frameworks */,
				8E7C1446180439D3005B92AD /* Resources */,
			);
			buildRules = (
			);
			dependencies = (
				8E7C144E180439D3005B92AD /* PBXTargetDependency */,
			);
			name = DenunciaTests;
			productName = DenunciaTests;
			productReference = 8E7C1448180439D3005B92AD /* DenunciaTests.xctest */;
			productType = "com.apple.product-type.bundle.unit-test";
		};
/* End PBXNativeTarget section */

/* Begin PBXProject section */
		8E7C1425180439D3005B92AD /* Project object */ = {
			isa = PBXProject;
			attributes = {
				LastUpgradeCheck = 0500;
				ORGANIZATIONNAME = "Arthur Developer";
				TargetAttributes = {
					8E7C142C180439D3005B92AD = {
						DevelopmentTeam = 7A9TU7VF47;
					};
					8E7C1447180439D3005B92AD = {
						TestTargetID = 8E7C142C180439D3005B92AD;
					};
				};
			};
			buildConfigurationList = 8E7C1428180439D3005B92AD /* Build configuration list for PBXProject "Denuncia" */;
			compatibilityVersion = "Xcode 3.2";
			developmentRegion = English;
			hasScannedForEncodings = 0;
			knownRegions = (
				en,
			);
			mainGroup = 8E7C1424180439D3005B92AD;
			productRefGroup = 8E7C142E180439D3005B92AD /* Products */;
			projectDirPath = "";
			projectRoot = "";
			targets = (
				8E7C142C180439D3005B92AD /* Denuncia */,
				8E7C1447180439D3005B92AD /* DenunciaTests */,
			);
		};
/* End PBXProject section */

/* Begin PBXResourcesBuildPhase section */
		8E7C142B180439D3005B92AD /* Resources */ = {
			isa = PBXResourcesBuildPhase;
			buildActionMask = 2147483647;
			files = (
				8E7C143B180439D3005B92AD /* InfoPlist.strings in Resources */,
				8ECD3D3A18056EF100588864 /* DenunciaViewController.xib in Resources */,
				8E7C1443180439D3005B92AD /* Images.xcassets in Resources */,
				8E7C146318043A66005B92AD /* HomeViewController.xib in Resources */,
			);
			runOnlyForDeploymentPostprocessing = 0;
		};
		8E7C1446180439D3005B92AD /* Resources */ = {
			isa = PBXResourcesBuildPhase;
			buildActionMask = 2147483647;
			files = (
				8E7C1454180439D3005B92AD /* InfoPlist.strings in Resources */,
			);
			runOnlyForDeploymentPostprocessing = 0;
		};
/* End PBXResourcesBuildPhase section */

/* Begin PBXSourcesBuildPhase section */
		8E7C1429180439D3005B92AD /* Sources */ = {
			isa = PBXSourcesBuildPhase;
			buildActionMask = 2147483647;
			files = (
				8E7C1441180439D3005B92AD /* AppDelegate.m in Sources */,
				8ECD3D311804F54200588864 /* SBJsonWriter.m in Sources */,
				8E7C143D180439D3005B92AD /* main.m in Sources */,
				8ECD3D2F1804F54200588864 /* SBJsonTokeniser.m in Sources */,
				8EB27DDC180784C500B3C610 /* Reachability.m in Sources */,
				8ECD3D261804F54200588864 /* NSObject+SBJson.m in Sources */,
				8EB27DD6180784C500B3C610 /* NSDate+RFC1123.m in Sources */,
				8ECD3D2C1804F54200588864 /* SBJsonStreamWriter.m in Sources */,
				8ECD3D281804F54200588864 /* SBJsonStreamParser.m in Sources */,
				8ECD3D271804F54200588864 /* SBJsonParser.m in Sources */,
				8EB27DDF1807852800B3C610 /* fileUploadEngine.m in Sources */,
				8EB27DD8180784C500B3C610 /* NSString+MKNetworkKitAdditions.m in Sources */,
				8ECD3D291804F54200588864 /* SBJsonStreamParserAccumulator.m in Sources */,
				8ECD3D3918056EF100588864 /* DenunciaViewController.m in Sources */,
				8ECD3D2B1804F54200588864 /* SBJsonStreamParserState.m in Sources */,
				8EB27DD9180784C500B3C610 /* UIAlertView+MKNetworkKitAdditions.m in Sources */,
				8EB27DD5180784C500B3C610 /* NSData+MKBase64.m in Sources */,
				8ECD3D2D1804F54200588864 /* SBJsonStreamWriterAccumulator.m in Sources */,
				8ECD3D2E1804F54200588864 /* SBJsonStreamWriterState.m in Sources */,
				8EB27DD7180784C500B3C610 /* NSDictionary+RequestEncoding.m in Sources */,
				8EB27DDB180784C500B3C610 /* MKNetworkOperation.m in Sources */,
				8EB27DDA180784C500B3C610 /* MKNetworkEngine.m in Sources */,
				8ECD3D301804F54200588864 /* SBJsonUTF8Stream.m in Sources */,
				8E7C146218043A66005B92AD /* HomeViewController.m in Sources */,
				8ECD3D2A1804F54200588864 /* SBJsonStreamParserAdapter.m in Sources */,
			);
			runOnlyForDeploymentPostprocessing = 0;
		};
		8E7C1444180439D3005B92AD /* Sources */ = {
			isa = PBXSourcesBuildPhase;
			buildActionMask = 2147483647;
			files = (
				8E7C1456180439D3005B92AD /* DenunciaTests.m in Sources */,
			);
			runOnlyForDeploymentPostprocessing = 0;
		};
/* End PBXSourcesBuildPhase section */

/* Begin PBXTargetDependency section */
		8E7C144E180439D3005B92AD /* PBXTargetDependency */ = {
			isa = PBXTargetDependency;
			target = 8E7C142C180439D3005B92AD /* Denuncia */;
			targetProxy = 8E7C144D180439D3005B92AD /* PBXContainerItemProxy */;
		};
/* End PBXTargetDependency section */

/* Begin PBXVariantGroup section */
		8E7C1439180439D3005B92AD /* InfoPlist.strings */ = {
			isa = PBXVariantGroup;
			children = (
				8E7C143A180439D3005B92AD /* en */,
			);
			name = InfoPlist.strings;
			sourceTree = "<group>";
		};
		8E7C1452180439D3005B92AD /* InfoPlist.strings */ = {
			isa = PBXVariantGroup;
			children = (
				8E7C1453180439D3005B92AD /* en */,
			);
			name = InfoPlist.strings;
			sourceTree = "<group>";
		};
/* End PBXVariantGroup section */

/* Begin XCBuildConfiguration section */
		8E7C1457180439D3005B92AD /* Debug */ = {
			isa = XCBuildConfiguration;
			buildSettings = {
				ALWAYS_SEARCH_USER_PATHS = NO;
				ARCHS = "$(ARCHS_STANDARD_INCLUDING_64_BIT)";
				CLANG_CXX_LANGUAGE_STANDARD = "gnu++0x";
				CLANG_CXX_LIBRARY = "libc++";
				CLANG_ENABLE_MODULES = YES;
				CLANG_ENABLE_OBJC_ARC = YES;
				CLANG_WARN_BOOL_CONVERSION = YES;
				CLANG_WARN_CONSTANT_CONVERSION = YES;
				CLANG_WARN_DIRECT_OBJC_ISA_USAGE = YES_ERROR;
				CLANG_WARN_EMPTY_BODY = YES;
				CLANG_WARN_ENUM_CONVERSION = YES;
				CLANG_WARN_INT_CONVERSION = YES;
				CLANG_WARN_OBJC_ROOT_CLASS = YES_ERROR;
				CLANG_WARN__DUPLICATE_METHOD_MATCH = YES;
				"CODE_SIGN_IDENTITY[sdk=iphoneos*]" = "iPhone Developer";
				COPY_PHASE_STRIP = NO;
				GCC_C_LANGUAGE_STANDARD = gnu99;
				GCC_DYNAMIC_NO_PIC = NO;
				GCC_OPTIMIZATION_LEVEL = 0;
				GCC_PREPROCESSOR_DEFINITIONS = (
					"DEBUG=1",
					"$(inherited)",
				);
				GCC_SYMBOLS_PRIVATE_EXTERN = NO;
				GCC_WARN_64_TO_32_BIT_CONVERSION = YES;
				GCC_WARN_ABOUT_RETURN_TYPE = YES_ERROR;
				GCC_WARN_UNDECLARED_SELECTOR = YES;
				GCC_WARN_UNINITIALIZED_AUTOS = YES;
				GCC_WARN_UNUSED_FUNCTION = YES;
				GCC_WARN_UNUSED_VARIABLE = YES;
				IPHONEOS_DEPLOYMENT_TARGET = 7.0;
				ONLY_ACTIVE_ARCH = YES;
				SDKROOT = iphoneos;
			};
			name = Debug;
		};
		8E7C1458180439D3005B92AD /* Release */ = {
			isa = XCBuildConfiguration;
			buildSettings = {
				ALWAYS_SEARCH_USER_PATHS = NO;
				ARCHS = "$(ARCHS_STANDARD_INCLUDING_64_BIT)";
				CLANG_CXX_LANGUAGE_STANDARD = "gnu++0x";
				CLANG_CXX_LIBRARY = "libc++";
				CLANG_ENABLE_MODULES = YES;
				CLANG_ENABLE_OBJC_ARC = YES;
				CLANG_WARN_BOOL_CONVERSION = YES;
				CLANG_WARN_CONSTANT_CONVERSION = YES;
				CLANG_WARN_DIRECT_OBJC_ISA_USAGE = YES_ERROR;
				CLANG_WARN_EMPTY_BODY = YES;
				CLANG_WARN_ENUM_CONVERSION = YES;
				CLANG_WARN_INT_CONVERSION = YES;
				CLANG_WARN_OBJC_ROOT_CLASS = YES_ERROR;
				CLANG_WARN__DUPLICATE_METHOD_MATCH = YES;
				"CODE_SIGN_IDENTITY[sdk=iphoneos*]" = "iPhone Developer";
				COPY_PHASE_STRIP = YES;
				ENABLE_NS_ASSERTIONS = NO;
				GCC_C_LANGUAGE_STANDARD = gnu99;
				GCC_WARN_64_TO_32_BIT_CONVERSION = YES;
				GCC_WARN_ABOUT_RETURN_TYPE = YES_ERROR;
				GCC_WARN_UNDECLARED_SELECTOR = YES;
				GCC_WARN_UNINITIALIZED_AUTOS = YES;
				GCC_WARN_UNUSED_FUNCTION = YES;
				GCC_WARN_UNUSED_VARIABLE = YES;
				IPHONEOS_DEPLOYMENT_TARGET = 7.0;
				SDKROOT = iphoneos;
				VALIDATE_PRODUCT = YES;
			};
			name = Release;
		};
		8E7C145A180439D3005B92AD /* Debug */ = {
			isa = XCBuildConfiguration;
			buildSettings = {
				ASSETCATALOG_COMPILER_APPICON_NAME = AppIcon;
				ASSETCATALOG_COMPILER_LAUNCHIMAGE_NAME = LaunchImage;
				CODE_SIGN_IDENTITY = "iPhone Developer";
				GCC_PRECOMPILE_PREFIX_HEADER = YES;
				GCC_PREFIX_HEADER = "Denuncia/Denuncia-Prefix.pch";
				INFOPLIST_FILE = "Denuncia/Denuncia-Info.plist";
				PRODUCT_NAME = "$(TARGET_NAME)";
				TARGETED_DEVICE_FAMILY = 1;
				WRAPPER_EXTENSION = app;
			};
			name = Debug;
		};
		8E7C145B180439D3005B92AD /* Release */ = {
			isa = XCBuildConfiguration;
			buildSettings = {
				ASSETCATALOG_COMPILER_APPICON_NAME = AppIcon;
				ASSETCATALOG_COMPILER_LAUNCHIMAGE_NAME = LaunchImage;
				CODE_SIGN_IDENTITY = "iPhone Developer";
				GCC_PRECOMPILE_PREFIX_HEADER = YES;
				GCC_PREFIX_HEADER = "Denuncia/Denuncia-Prefix.pch";
				INFOPLIST_FILE = "Denuncia/Denuncia-Info.plist";
				PRODUCT_NAME = "$(TARGET_NAME)";
				TARGETED_DEVICE_FAMILY = 1;
				WRAPPER_EXTENSION = app;
			};
			name = Release;
		};
		8E7C145D180439D3005B92AD /* Debug */ = {
			isa = XCBuildConfiguration;
			buildSettings = {
				ARCHS = "$(ARCHS_STANDARD_INCLUDING_64_BIT)";
				BUNDLE_LOADER = "$(BUILT_PRODUCTS_DIR)/Denuncia.app/Denuncia";
				FRAMEWORK_SEARCH_PATHS = (
					"$(SDKROOT)/Developer/Library/Frameworks",
					"$(inherited)",
					"$(DEVELOPER_FRAMEWORKS_DIR)",
				);
				GCC_PRECOMPILE_PREFIX_HEADER = YES;
				GCC_PREFIX_HEADER = "Denuncia/Denuncia-Prefix.pch";
				GCC_PREPROCESSOR_DEFINITIONS = (
					"DEBUG=1",
					"$(inherited)",
				);
				INFOPLIST_FILE = "DenunciaTests/DenunciaTests-Info.plist";
				PRODUCT_NAME = "$(TARGET_NAME)";
				TEST_HOST = "$(BUNDLE_LOADER)";
				WRAPPER_EXTENSION = xctest;
			};
			name = Debug;
		};
		8E7C145E180439D3005B92AD /* Release */ = {
			isa = XCBuildConfiguration;
			buildSettings = {
				ARCHS = "$(ARCHS_STANDARD_INCLUDING_64_BIT)";
				BUNDLE_LOADER = "$(BUILT_PRODUCTS_DIR)/Denuncia.app/Denuncia";
				FRAMEWORK_SEARCH_PATHS = (
					"$(SDKROOT)/Developer/Library/Frameworks",
					"$(inherited)",
					"$(DEVELOPER_FRAMEWORKS_DIR)",
				);
				GCC_PRECOMPILE_PREFIX_HEADER = YES;
				GCC_PREFIX_HEADER = "Denuncia/Denuncia-Prefix.pch";
				INFOPLIST_FILE = "DenunciaTests/DenunciaTests-Info.plist";
				PRODUCT_NAME = "$(TARGET_NAME)";
				TEST_HOST = "$(BUNDLE_LOADER)";
				WRAPPER_EXTENSION = xctest;
			};
			name = Release;
		};
/* End XCBuildConfiguration section */

/* Begin XCConfigurationList section */
		8E7C1428180439D3005B92AD /* Build configuration list for PBXProject "Denuncia" */ = {
			isa = XCConfigurationList;
			buildConfigurations = (
				8E7C1457180439D3005B92AD /* Debug */,
				8E7C1458180439D3005B92AD /* Release */,
			);
			defaultConfigurationIsVisible = 0;
			defaultConfigurationName = Release;
		};
		8E7C1459180439D3005B92AD /* Build configuration list for PBXNativeTarget "Denuncia" */ = {
			isa = XCConfigurationList;
			buildConfigurations = (
				8E7C145A180439D3005B92AD /* Debug */,
				8E7C145B180439D3005B92AD /* Release */,
			);
			defaultConfigurationIsVisible = 0;
			defaultConfigurationName = Release;
		};
		8E7C145C180439D3005B92AD /* Build configuration list for PBXNativeTarget "DenunciaTests" */ = {
			isa = XCConfigurationList;
			buildConfigurations = (
				8E7C145D180439D3005B92AD /* Debug */,
				8E7C145E180439D3005B92AD /* Release */,
			);
			defaultConfigurationIsVisible = 0;
			defaultConfigurationName = Release;
		};
/* End XCConfigurationList section */
	};
	rootObject = 8E7C1425180439D3005B92AD /* Project object */;
}
